// !$*UTF8*$!
{
	archiveVersion = 1;
	classes = {
	};
	objectVersion = 56;
	objects = {

/* Begin PBXBuildFile section */
		2E5EB9FA2A081FF500BF30F6 /* photoSelectorView.swift in Sources */ = {isa = PBXBuildFile; fileRef = 2E5EB9F92A081FF500BF30F6 /* photoSelectorView.swift */; };
		2E5EB9FC2A08252100BF30F6 /* userService.swift in Sources */ = {isa = PBXBuildFile; fileRef = 2E5EB9FB2A08252100BF30F6 /* userService.swift */; };
		2E5EB9FE2A082AE300BF30F6 /* User.swift in Sources */ = {isa = PBXBuildFile; fileRef = 2E5EB9FD2A082AE300BF30F6 /* User.swift */; };
		2E5EBA002A083D7700BF30F6 /* exploreViewModel.swift in Sources */ = {isa = PBXBuildFile; fileRef = 2E5EB9FF2A083D7700BF30F6 /* exploreViewModel.swift */; };
		2E5EBA022A084A6E00BF30F6 /* SearchBar.swift in Sources */ = {isa = PBXBuildFile; fileRef = 2E5EBA012A084A6E00BF30F6 /* SearchBar.swift */; };
		2E5EBA042A084F4000BF30F6 /* tweetService.swift in Sources */ = {isa = PBXBuildFile; fileRef = 2E5EBA032A084F4000BF30F6 /* tweetService.swift */; };
		2E5EBA062A08511100BF30F6 /* uploadTweetViewModel.swift in Sources */ = {isa = PBXBuildFile; fileRef = 2E5EBA052A08511100BF30F6 /* uploadTweetViewModel.swift */; };
		2E5EBA082A0856B000BF30F6 /* feedViewModel.swift in Sources */ = {isa = PBXBuildFile; fileRef = 2E5EBA072A0856B000BF30F6 /* feedViewModel.swift */; };
		2E5EBA0A2A08581800BF30F6 /* Tweet.swift in Sources */ = {isa = PBXBuildFile; fileRef = 2E5EBA092A08581800BF30F6 /* Tweet.swift */; };
		2EA2BE402A07439000E1241A /* asQApp.swift in Sources */ = {isa = PBXBuildFile; fileRef = 2EA2BE3F2A07439000E1241A /* asQApp.swift */; };
		2EA2BE422A07439000E1241A /* ContentView.swift in Sources */ = {isa = PBXBuildFile; fileRef = 2EA2BE412A07439000E1241A /* ContentView.swift */; };
		2EA2BE442A07439200E1241A /* Assets.xcassets in Resources */ = {isa = PBXBuildFile; fileRef = 2EA2BE432A07439200E1241A /* Assets.xcassets */; };
		2EA2BE472A07439200E1241A /* Preview Assets.xcassets in Resources */ = {isa = PBXBuildFile; fileRef = 2EA2BE462A07439200E1241A /* Preview Assets.xcassets */; };
		2EA2BE582A074B2E00E1241A /* FeedView.swift in Sources */ = {isa = PBXBuildFile; fileRef = 2EA2BE572A074B2E00E1241A /* FeedView.swift */; };
		2EA2BE5B2A074CB900E1241A /* TweetRowView.swift in Sources */ = {isa = PBXBuildFile; fileRef = 2EA2BE5A2A074CB900E1241A /* TweetRowView.swift */; };
		2EA2BE5E2A076E6700E1241A /* MainTabView.swift in Sources */ = {isa = PBXBuildFile; fileRef = 2EA2BE5D2A076E6700E1241A /* MainTabView.swift */; };
		2EA2BE622A07718500E1241A /* SwiftUIView.swift in Sources */ = {isa = PBXBuildFile; fileRef = 2EA2BE612A07718500E1241A /* SwiftUIView.swift */; };
		2EA2BE642A0771A300E1241A /* MessagesView.swift in Sources */ = {isa = PBXBuildFile; fileRef = 2EA2BE632A0771A300E1241A /* MessagesView.swift */; };
		2EA2BE692A0775C000E1241A /* UserRowView.swift in Sources */ = {isa = PBXBuildFile; fileRef = 2EA2BE682A0775C000E1241A /* UserRowView.swift */; };
		2EA2BE6E2A077AD200E1241A /* SideMenuView.swift in Sources */ = {isa = PBXBuildFile; fileRef = 2EA2BE6D2A077AD200E1241A /* SideMenuView.swift */; };
		2EA2BE722A077B7E00E1241A /* SideMenuViewModel.swift in Sources */ = {isa = PBXBuildFile; fileRef = 2EA2BE712A077B7E00E1241A /* SideMenuViewModel.swift */; };
		2EA2BE772A079CBD00E1241A /* ProfileView.swift in Sources */ = {isa = PBXBuildFile; fileRef = 2EA2BE762A079CBD00E1241A /* ProfileView.swift */; };
		2EA2BE792A079D8500E1241A /* SideMenuOptionRowView.swift in Sources */ = {isa = PBXBuildFile; fileRef = 2EA2BE782A079D8500E1241A /* SideMenuOptionRowView.swift */; };
		2EA2BE7F2A07C22C00E1241A /* newTweetView.swift in Sources */ = {isa = PBXBuildFile; fileRef = 2EA2BE7E2A07C22C00E1241A /* newTweetView.swift */; };
		2EA2BE812A07C3DD00E1241A /* TextArea.swift in Sources */ = {isa = PBXBuildFile; fileRef = 2EA2BE802A07C3DD00E1241A /* TextArea.swift */; };
		2EA2BE872A07E6D700E1241A /* loginView.swift in Sources */ = {isa = PBXBuildFile; fileRef = 2EA2BE862A07E6D700E1241A /* loginView.swift */; };
		2EA2BE892A07E6EB00E1241A /* registrationView.swift in Sources */ = {isa = PBXBuildFile; fileRef = 2EA2BE882A07E6EB00E1241A /* registrationView.swift */; };
		2EA2BE8B2A07F33800E1241A /* GoogleService-Info.plist in Resources */ = {isa = PBXBuildFile; fileRef = 2EA2BE8A2A07F33800E1241A /* GoogleService-Info.plist */; };
		2EA2BE8E2A07F45800E1241A /* FirebaseAuth in Frameworks */ = {isa = PBXBuildFile; productRef = 2EA2BE8D2A07F45800E1241A /* FirebaseAuth */; };
		2EA2BE902A07F45800E1241A /* FirebaseFirestore in Frameworks */ = {isa = PBXBuildFile; productRef = 2EA2BE8F2A07F45800E1241A /* FirebaseFirestore */; };
		2EA2BE922A07F45800E1241A /* FirebaseFirestoreSwift in Frameworks */ = {isa = PBXBuildFile; productRef = 2EA2BE912A07F45800E1241A /* FirebaseFirestoreSwift */; };
		2EA2BE942A07F45800E1241A /* FirebaseStorage in Frameworks */ = {isa = PBXBuildFile; productRef = 2EA2BE932A07F45800E1241A /* FirebaseStorage */; };
		2EA2BE962A07F71F00E1241A /* AuthViewModel.swift in Sources */ = {isa = PBXBuildFile; fileRef = 2EA2BE952A07F71F00E1241A /* AuthViewModel.swift */; };
/* End PBXBuildFile section */

/* Begin PBXFileReference section */
		2E5EB9F92A081FF500BF30F6 /* photoSelectorView.swift */ = {isa = PBXFileReference; lastKnownFileType = sourcecode.swift; path = photoSelectorView.swift; sourceTree = "<group>"; };
		2E5EB9FB2A08252100BF30F6 /* userService.swift */ = {isa = PBXFileReference; lastKnownFileType = sourcecode.swift; path = userService.swift; sourceTree = "<group>"; };
		2E5EB9FD2A082AE300BF30F6 /* User.swift */ = {isa = PBXFileReference; lastKnownFileType = sourcecode.swift; path = User.swift; sourceTree = "<group>"; };
		2E5EB9FF2A083D7700BF30F6 /* exploreViewModel.swift */ = {isa = PBXFileReference; lastKnownFileType = sourcecode.swift; path = exploreViewModel.swift; sourceTree = "<group>"; };
		2E5EBA012A084A6E00BF30F6 /* SearchBar.swift */ = {isa = PBXFileReference; lastKnownFileType = sourcecode.swift; path = SearchBar.swift; sourceTree = "<group>"; };
		2E5EBA032A084F4000BF30F6 /* tweetService.swift */ = {isa = PBXFileReference; lastKnownFileType = sourcecode.swift; path = tweetService.swift; sourceTree = "<group>"; };
		2E5EBA052A08511100BF30F6 /* uploadTweetViewModel.swift */ = {isa = PBXFileReference; lastKnownFileType = sourcecode.swift; path = uploadTweetViewModel.swift; sourceTree = "<group>"; };
		2E5EBA072A0856B000BF30F6 /* feedViewModel.swift */ = {isa = PBXFileReference; lastKnownFileType = sourcecode.swift; path = feedViewModel.swift; sourceTree = "<group>"; };
		2E5EBA092A08581800BF30F6 /* Tweet.swift */ = {isa = PBXFileReference; lastKnownFileType = sourcecode.swift; path = Tweet.swift; sourceTree = "<group>"; };
		2EA2BE3C2A07439000E1241A /* asQ.app */ = {isa = PBXFileReference; explicitFileType = wrapper.application; includeInIndex = 0; path = asQ.app; sourceTree = BUILT_PRODUCTS_DIR; };
		2EA2BE3F2A07439000E1241A /* asQApp.swift */ = {isa = PBXFileReference; lastKnownFileType = sourcecode.swift; path = asQApp.swift; sourceTree = "<group>"; };
		2EA2BE412A07439000E1241A /* ContentView.swift */ = {isa = PBXFileReference; lastKnownFileType = sourcecode.swift; path = ContentView.swift; sourceTree = "<group>"; };
		2EA2BE432A07439200E1241A /* Assets.xcassets */ = {isa = PBXFileReference; lastKnownFileType = folder.assetcatalog; path = Assets.xcassets; sourceTree = "<group>"; };
		2EA2BE462A07439200E1241A /* Preview Assets.xcassets */ = {isa = PBXFileReference; lastKnownFileType = folder.assetcatalog; path = "Preview Assets.xcassets"; sourceTree = "<group>"; };
		2EA2BE572A074B2E00E1241A /* FeedView.swift */ = {isa = PBXFileReference; lastKnownFileType = sourcecode.swift; path = FeedView.swift; sourceTree = "<group>"; };
		2EA2BE5A2A074CB900E1241A /* TweetRowView.swift */ = {isa = PBXFileReference; lastKnownFileType = sourcecode.swift; path = TweetRowView.swift; sourceTree = "<group>"; };
		2EA2BE5D2A076E6700E1241A /* MainTabView.swift */ = {isa = PBXFileReference; lastKnownFileType = sourcecode.swift; path = MainTabView.swift; sourceTree = "<group>"; };
		2EA2BE612A07718500E1241A /* SwiftUIView.swift */ = {isa = PBXFileReference; lastKnownFileType = sourcecode.swift; path = SwiftUIView.swift; sourceTree = "<group>"; };
		2EA2BE632A0771A300E1241A /* MessagesView.swift */ = {isa = PBXFileReference; lastKnownFileType = sourcecode.swift; path = MessagesView.swift; sourceTree = "<group>"; };
		2EA2BE682A0775C000E1241A /* UserRowView.swift */ = {isa = PBXFileReference; lastKnownFileType = sourcecode.swift; path = UserRowView.swift; sourceTree = "<group>"; };
		2EA2BE6D2A077AD200E1241A /* SideMenuView.swift */ = {isa = PBXFileReference; lastKnownFileType = sourcecode.swift; path = SideMenuView.swift; sourceTree = "<group>"; };
		2EA2BE712A077B7E00E1241A /* SideMenuViewModel.swift */ = {isa = PBXFileReference; lastKnownFileType = sourcecode.swift; path = SideMenuViewModel.swift; sourceTree = "<group>"; };
		2EA2BE762A079CBD00E1241A /* ProfileView.swift */ = {isa = PBXFileReference; lastKnownFileType = sourcecode.swift; path = ProfileView.swift; sourceTree = "<group>"; };
		2EA2BE782A079D8500E1241A /* SideMenuOptionRowView.swift */ = {isa = PBXFileReference; lastKnownFileType = sourcecode.swift; path = SideMenuOptionRowView.swift; sourceTree = "<group>"; };
		2EA2BE7E2A07C22C00E1241A /* newTweetView.swift */ = {isa = PBXFileReference; lastKnownFileType = sourcecode.swift; path = newTweetView.swift; sourceTree = "<group>"; };
		2EA2BE802A07C3DD00E1241A /* TextArea.swift */ = {isa = PBXFileReference; lastKnownFileType = sourcecode.swift; path = TextArea.swift; sourceTree = "<group>"; };
		2EA2BE862A07E6D700E1241A /* loginView.swift */ = {isa = PBXFileReference; lastKnownFileType = sourcecode.swift; path = loginView.swift; sourceTree = "<group>"; };
		2EA2BE882A07E6EB00E1241A /* registrationView.swift */ = {isa = PBXFileReference; lastKnownFileType = sourcecode.swift; path = registrationView.swift; sourceTree = "<group>"; };
		2EA2BE8A2A07F33800E1241A /* GoogleService-Info.plist */ = {isa = PBXFileReference; fileEncoding = 4; lastKnownFileType = text.plist.xml; path = "GoogleService-Info.plist"; sourceTree = "<group>"; };
		2EA2BE952A07F71F00E1241A /* AuthViewModel.swift */ = {isa = PBXFileReference; lastKnownFileType = sourcecode.swift; path = AuthViewModel.swift; sourceTree = "<group>"; };
/* End PBXFileReference section */

/* Begin PBXFrameworksBuildPhase section */
		2EA2BE392A07439000E1241A /* Frameworks */ = {
			isa = PBXFrameworksBuildPhase;
			buildActionMask = 2147483647;
			files = (
				2EA2BE8E2A07F45800E1241A /* FirebaseAuth in Frameworks */,
				2EA2BE942A07F45800E1241A /* FirebaseStorage in Frameworks */,
				2EA2BE902A07F45800E1241A /* FirebaseFirestore in Frameworks */,
				2EA2BE922A07F45800E1241A /* FirebaseFirestoreSwift in Frameworks */,
			);
			runOnlyForDeploymentPostprocessing = 0;
		};
/* End PBXFrameworksBuildPhase section */

/* Begin PBXGroup section */
		2EA2BE332A07439000E1241A = {
			isa = PBXGroup;
			children = (
				2EA2BE3E2A07439000E1241A /* asQ */,
				2EA2BE3D2A07439000E1241A /* Products */,
			);
			sourceTree = "<group>";
		};
		2EA2BE3D2A07439000E1241A /* Products */ = {
			isa = PBXGroup;
			children = (
				2EA2BE3C2A07439000E1241A /* asQ.app */,
			);
			name = Products;
			sourceTree = "<group>";
		};
		2EA2BE3E2A07439000E1241A /* asQ */ = {
			isa = PBXGroup;
			children = (
				2EA2BE512A0747B900E1241A /* Extension */,
				2EA2BE502A0747B700E1241A /* Model */,
				2EA2BE4F2A0747B500E1241A /* Service */,
				2EA2BE4D2A0747A100E1241A /* core */,
				2EA2BE3F2A07439000E1241A /* asQApp.swift */,
				2EA2BE412A07439000E1241A /* ContentView.swift */,
				2EA2BE432A07439200E1241A /* Assets.xcassets */,
				2EA2BE8A2A07F33800E1241A /* GoogleService-Info.plist */,
				2EA2BE452A07439200E1241A /* Preview Content */,
			);
			path = asQ;
			sourceTree = "<group>";
		};
		2EA2BE452A07439200E1241A /* Preview Content */ = {
			isa = PBXGroup;
			children = (
				2EA2BE462A07439200E1241A /* Preview Assets.xcassets */,
			);
			path = "Preview Content";
			sourceTree = "<group>";
		};
		2EA2BE4D2A0747A100E1241A /* core */ = {
			isa = PBXGroup;
			children = (
				2EA2BE822A07E69100E1241A /* Authentication */,
				2EA2BE7B2A07C1F500E1241A /* UploadTweet */,
				2EA2BE732A079C8700E1241A /* Profile */,
				2EA2BE6A2A077A2E00E1241A /* SideMenu */,
				2EA2BE602A07713100E1241A /* Explore */,
				2EA2BE5F2A07712F00E1241A /* Messages */,
				2EA2BE522A0748A100E1241A /* Components */,
				2EA2BE5C2A076E4C00E1241A /* MainTab */,
				2EA2BE532A0748AC00E1241A /* Feed */,
			);
			path = core;
			sourceTree = "<group>";
		};
		2EA2BE4F2A0747B500E1241A /* Service */ = {
			isa = PBXGroup;
			children = (
				2E5EB9FB2A08252100BF30F6 /* userService.swift */,
				2E5EBA032A084F4000BF30F6 /* tweetService.swift */,
			);
			path = Service;
			sourceTree = "<group>";
		};
		2EA2BE502A0747B700E1241A /* Model */ = {
			isa = PBXGroup;
			children = (
				2E5EB9FD2A082AE300BF30F6 /* User.swift */,
				2E5EBA092A08581800BF30F6 /* Tweet.swift */,
			);
			path = Model;
			sourceTree = "<group>";
		};
		2EA2BE512A0747B900E1241A /* Extension */ = {
			isa = PBXGroup;
			children = (
			);
			path = Extension;
			sourceTree = "<group>";
		};
		2EA2BE522A0748A100E1241A /* Components */ = {
			isa = PBXGroup;
			children = (
				2EA2BE672A0775AA00E1241A /* Users */,
				2EA2BE592A074C9500E1241A /* Tweets */,
				2EA2BE802A07C3DD00E1241A /* TextArea.swift */,
				2E5EBA012A084A6E00BF30F6 /* SearchBar.swift */,
			);
			path = Components;
			sourceTree = "<group>";
		};
		2EA2BE532A0748AC00E1241A /* Feed */ = {
			isa = PBXGroup;
			children = (
				2EA2BE552A074AB400E1241A /* ViewModules */,
				2EA2BE542A074AB200E1241A /* View */,
			);
			path = Feed;
			sourceTree = "<group>";
		};
		2EA2BE542A074AB200E1241A /* View */ = {
			isa = PBXGroup;
			children = (
				2EA2BE572A074B2E00E1241A /* FeedView.swift */,
			);
			path = View;
			sourceTree = "<group>";
		};
		2EA2BE552A074AB400E1241A /* ViewModules */ = {
			isa = PBXGroup;
			children = (
				2E5EBA072A0856B000BF30F6 /* feedViewModel.swift */,
			);
			path = ViewModules;
			sourceTree = "<group>";
		};
		2EA2BE592A074C9500E1241A /* Tweets */ = {
			isa = PBXGroup;
			children = (
				2EA2BE5A2A074CB900E1241A /* TweetRowView.swift */,
			);
			path = Tweets;
			sourceTree = "<group>";
		};
		2EA2BE5C2A076E4C00E1241A /* MainTab */ = {
			isa = PBXGroup;
			children = (
				2EA2BE5D2A076E6700E1241A /* MainTabView.swift */,
			);
			path = MainTab;
			sourceTree = "<group>";
		};
		2EA2BE5F2A07712F00E1241A /* Messages */ = {
			isa = PBXGroup;
			children = (
				2EA2BE632A0771A300E1241A /* MessagesView.swift */,
			);
			path = Messages;
			sourceTree = "<group>";
		};
		2EA2BE602A07713100E1241A /* Explore */ = {
			isa = PBXGroup;
			children = (
				2EA2BE662A07758E00E1241A /* Views */,
				2EA2BE652A07758C00E1241A /* ViewModels */,
				2EA2BE612A07718500E1241A /* SwiftUIView.swift */,
			);
			path = Explore;
			sourceTree = "<group>";
		};
		2EA2BE652A07758C00E1241A /* ViewModels */ = {
			isa = PBXGroup;
			children = (
				2E5EB9FF2A083D7700BF30F6 /* exploreViewModel.swift */,
			);
			path = ViewModels;
			sourceTree = "<group>";
		};
		2EA2BE662A07758E00E1241A /* Views */ = {
			isa = PBXGroup;
			children = (
			);
			path = Views;
			sourceTree = "<group>";
		};
		2EA2BE672A0775AA00E1241A /* Users */ = {
			isa = PBXGroup;
			children = (
				2EA2BE682A0775C000E1241A /* UserRowView.swift */,
			);
			path = Users;
			sourceTree = "<group>";
		};
		2EA2BE6A2A077A2E00E1241A /* SideMenu */ = {
			isa = PBXGroup;
			children = (
				2EA2BE6C2A077AA000E1241A /* ViewModel */,
				2EA2BE6B2A077A9E00E1241A /* Views */,
			);
			path = SideMenu;
			sourceTree = "<group>";
		};
		2EA2BE6B2A077A9E00E1241A /* Views */ = {
			isa = PBXGroup;
			children = (
				2EA2BE6D2A077AD200E1241A /* SideMenuView.swift */,
				2EA2BE782A079D8500E1241A /* SideMenuOptionRowView.swift */,
			);
			path = Views;
			sourceTree = "<group>";
		};
		2EA2BE6C2A077AA000E1241A /* ViewModel */ = {
			isa = PBXGroup;
			children = (
				2EA2BE712A077B7E00E1241A /* SideMenuViewModel.swift */,
			);
			path = ViewModel;
			sourceTree = "<group>";
		};
		2EA2BE732A079C8700E1241A /* Profile */ = {
			isa = PBXGroup;
			children = (
				2EA2BE752A079C9B00E1241A /* Views */,
				2EA2BE742A079C9200E1241A /* ViewModels */,
			);
			path = Profile;
			sourceTree = "<group>";
		};
		2EA2BE742A079C9200E1241A /* ViewModels */ = {
			isa = PBXGroup;
			children = (
			);
			path = ViewModels;
			sourceTree = "<group>";
		};
		2EA2BE752A079C9B00E1241A /* Views */ = {
			isa = PBXGroup;
			children = (
				2EA2BE762A079CBD00E1241A /* ProfileView.swift */,
			);
			path = Views;
			sourceTree = "<group>";
		};
		2EA2BE7B2A07C1F500E1241A /* UploadTweet */ = {
			isa = PBXGroup;
			children = (
				2EA2BE7D2A07C20700E1241A /* Views */,
				2EA2BE7C2A07C20500E1241A /* viewModel */,
			);
			path = UploadTweet;
			sourceTree = "<group>";
		};
		2EA2BE7C2A07C20500E1241A /* viewModel */ = {
			isa = PBXGroup;
			children = (
				2E5EBA052A08511100BF30F6 /* uploadTweetViewModel.swift */,
			);
			path = viewModel;
			sourceTree = "<group>";
		};
		2EA2BE7D2A07C20700E1241A /* Views */ = {
			isa = PBXGroup;
			children = (
				2EA2BE7E2A07C22C00E1241A /* newTweetView.swift */,
			);
			path = Views;
			sourceTree = "<group>";
		};
		2EA2BE822A07E69100E1241A /* Authentication */ = {
			isa = PBXGroup;
			children = (
				2EA2BE852A07E6AB00E1241A /* view */,
				2EA2BE832A07E69C00E1241A /* ViewModel */,
			);
			path = Authentication;
			sourceTree = "<group>";
		};
		2EA2BE832A07E69C00E1241A /* ViewModel */ = {
			isa = PBXGroup;
			children = (
				2EA2BE952A07F71F00E1241A /* AuthViewModel.swift */,
			);
			path = ViewModel;
			sourceTree = "<group>";
		};
		2EA2BE852A07E6AB00E1241A /* view */ = {
			isa = PBXGroup;
			children = (
				2EA2BE862A07E6D700E1241A /* loginView.swift */,
				2EA2BE882A07E6EB00E1241A /* registrationView.swift */,
				2E5EB9F92A081FF500BF30F6 /* photoSelectorView.swift */,
			);
			path = view;
			sourceTree = "<group>";
		};
/* End PBXGroup section */

/* Begin PBXNativeTarget section */
		2EA2BE3B2A07439000E1241A /* asQ */ = {
			isa = PBXNativeTarget;
			buildConfigurationList = 2EA2BE4A2A07439200E1241A /* Build configuration list for PBXNativeTarget "asQ" */;
			buildPhases = (
				2EA2BE382A07439000E1241A /* Sources */,
				2EA2BE392A07439000E1241A /* Frameworks */,
				2EA2BE3A2A07439000E1241A /* Resources */,
			);
			buildRules = (
			);
			dependencies = (
			);
			name = asQ;
			packageProductDependencies = (
				2EA2BE8D2A07F45800E1241A /* FirebaseAuth */,
				2EA2BE8F2A07F45800E1241A /* FirebaseFirestore */,
				2EA2BE912A07F45800E1241A /* FirebaseFirestoreSwift */,
				2EA2BE932A07F45800E1241A /* FirebaseStorage */,
			);
			productName = asQ;
			productReference = 2EA2BE3C2A07439000E1241A /* asQ.app */;
			productType = "com.apple.product-type.application";
		};
/* End PBXNativeTarget section */

/* Begin PBXProject section */
		2EA2BE342A07439000E1241A /* Project object */ = {
			isa = PBXProject;
			attributes = {
				BuildIndependentTargetsInParallel = 1;
				LastSwiftUpdateCheck = 1410;
				LastUpgradeCheck = 1410;
				TargetAttributes = {
					2EA2BE3B2A07439000E1241A = {
						CreatedOnToolsVersion = 14.1;
					};
				};
			};
			buildConfigurationList = 2EA2BE372A07439000E1241A /* Build configuration list for PBXProject "asQ" */;
			compatibilityVersion = "Xcode 14.0";
			developmentRegion = en;
			hasScannedForEncodings = 0;
			knownRegions = (
				en,
				Base,
			);
			mainGroup = 2EA2BE332A07439000E1241A;
			packageReferences = (
				2EA2BE8C2A07F45800E1241A /* XCRemoteSwiftPackageReference "firebase-ios-sdk" */,
			);
			productRefGroup = 2EA2BE3D2A07439000E1241A /* Products */;
			projectDirPath = "";
			projectRoot = "";
			targets = (
				2EA2BE3B2A07439000E1241A /* asQ */,
			);
		};
/* End PBXProject section */

/* Begin PBXResourcesBuildPhase section */
		2EA2BE3A2A07439000E1241A /* Resources */ = {
			isa = PBXResourcesBuildPhase;
			buildActionMask = 2147483647;
			files = (
				2EA2BE472A07439200E1241A /* Preview Assets.xcassets in Resources */,
				2EA2BE442A07439200E1241A /* Assets.xcassets in Resources */,
				2EA2BE8B2A07F33800E1241A /* GoogleService-Info.plist in Resources */,
			);
			runOnlyForDeploymentPostprocessing = 0;
		};
/* End PBXResourcesBuildPhase section */

/* Begin PBXSourcesBuildPhase section */
		2EA2BE382A07439000E1241A /* Sources */ = {
			isa = PBXSourcesBuildPhase;
			buildActionMask = 2147483647;
			files = (
				2EA2BE422A07439000E1241A /* ContentView.swift in Sources */,
				2EA2BE812A07C3DD00E1241A /* TextArea.swift in Sources */,
				2EA2BE5B2A074CB900E1241A /* TweetRowView.swift in Sources */,
				2E5EBA042A084F4000BF30F6 /* tweetService.swift in Sources */,
				2EA2BE622A07718500E1241A /* SwiftUIView.swift in Sources */,
				2E5EBA0A2A08581800BF30F6 /* Tweet.swift in Sources */,
				2EA2BE722A077B7E00E1241A /* SideMenuViewModel.swift in Sources */,
				2EA2BE792A079D8500E1241A /* SideMenuOptionRowView.swift in Sources */,
				2E5EBA062A08511100BF30F6 /* uploadTweetViewModel.swift in Sources */,
				2E5EB9FA2A081FF500BF30F6 /* photoSelectorView.swift in Sources */,
				2EA2BE772A079CBD00E1241A /* ProfileView.swift in Sources */,
				2E5EB9FE2A082AE300BF30F6 /* User.swift in Sources */,
				2E5EBA082A0856B000BF30F6 /* feedViewModel.swift in Sources */,
				2E5EBA022A084A6E00BF30F6 /* SearchBar.swift in Sources */,
				2EA2BE962A07F71F00E1241A /* AuthViewModel.swift in Sources */,
				2EA2BE892A07E6EB00E1241A /* registrationView.swift in Sources */,
				2EA2BE872A07E6D700E1241A /* loginView.swift in Sources */,
				2EA2BE582A074B2E00E1241A /* FeedView.swift in Sources */,
				2EA2BE642A0771A300E1241A /* MessagesView.swift in Sources */,
				2EA2BE402A07439000E1241A /* asQApp.swift in Sources */,
				2EA2BE7F2A07C22C00E1241A /* newTweetView.swift in Sources */,
				2EA2BE6E2A077AD200E1241A /* SideMenuView.swift in Sources */,
				2EA2BE692A0775C000E1241A /* UserRowView.swift in Sources */,
				2EA2BE5E2A076E6700E1241A /* MainTabView.swift in Sources */,
				2E5EBA002A083D7700BF30F6 /* exploreViewModel.swift in Sources */,
				2E5EB9FC2A08252100BF30F6 /* userService.swift in Sources */,
			);
			runOnlyForDeploymentPostprocessing = 0;
		};
/* End PBXSourcesBuildPhase section */

/* Begin XCBuildConfiguration section */
		2EA2BE482A07439200E1241A /* Debug */ = {
			isa = XCBuildConfiguration;
			buildSettings = {
				ALWAYS_SEARCH_USER_PATHS = NO;
				CLANG_ANALYZER_NONNULL = YES;
				CLANG_ANALYZER_NUMBER_OBJECT_CONVERSION = YES_AGGRESSIVE;
				CLANG_CXX_LANGUAGE_STANDARD = "gnu++20";
				CLANG_ENABLE_MODULES = YES;
				CLANG_ENABLE_OBJC_ARC = YES;
				CLANG_ENABLE_OBJC_WEAK = YES;
				CLANG_WARN_BLOCK_CAPTURE_AUTORELEASING = YES;
				CLANG_WARN_BOOL_CONVERSION = YES;
				CLANG_WARN_COMMA = YES;
				CLANG_WARN_CONSTANT_CONVERSION = YES;
				CLANG_WARN_DEPRECATED_OBJC_IMPLEMENTATIONS = YES;
				CLANG_WARN_DIRECT_OBJC_ISA_USAGE = YES_ERROR;
				CLANG_WARN_DOCUMENTATION_COMMENTS = YES;
				CLANG_WARN_EMPTY_BODY = YES;
				CLANG_WARN_ENUM_CONVERSION = YES;
				CLANG_WARN_INFINITE_RECURSION = YES;
				CLANG_WARN_INT_CONVERSION = YES;
				CLANG_WARN_NON_LITERAL_NULL_CONVERSION = YES;
				CLANG_WARN_OBJC_IMPLICIT_RETAIN_SELF = YES;
				CLANG_WARN_OBJC_LITERAL_CONVERSION = YES;
				CLANG_WARN_OBJC_ROOT_CLASS = YES_ERROR;
				CLANG_WARN_QUOTED_INCLUDE_IN_FRAMEWORK_HEADER = YES;
				CLANG_WARN_RANGE_LOOP_ANALYSIS = YES;
				CLANG_WARN_STRICT_PROTOTYPES = YES;
				CLANG_WARN_SUSPICIOUS_MOVE = YES;
				CLANG_WARN_UNGUARDED_AVAILABILITY = YES_AGGRESSIVE;
				CLANG_WARN_UNREACHABLE_CODE = YES;
				CLANG_WARN__DUPLICATE_METHOD_MATCH = YES;
				COPY_PHASE_STRIP = NO;
				DEBUG_INFORMATION_FORMAT = dwarf;
				ENABLE_STRICT_OBJC_MSGSEND = YES;
				ENABLE_TESTABILITY = YES;
				GCC_C_LANGUAGE_STANDARD = gnu11;
				GCC_DYNAMIC_NO_PIC = NO;
				GCC_NO_COMMON_BLOCKS = YES;
				GCC_OPTIMIZATION_LEVEL = 0;
				GCC_PREPROCESSOR_DEFINITIONS = (
					"DEBUG=1",
					"$(inherited)",
				);
				GCC_WARN_64_TO_32_BIT_CONVERSION = YES;
				GCC_WARN_ABOUT_RETURN_TYPE = YES_ERROR;
				GCC_WARN_UNDECLARED_SELECTOR = YES;
				GCC_WARN_UNINITIALIZED_AUTOS = YES_AGGRESSIVE;
				GCC_WARN_UNUSED_FUNCTION = YES;
				GCC_WARN_UNUSED_VARIABLE = YES;
				IPHONEOS_DEPLOYMENT_TARGET = 16.1;
				MTL_ENABLE_DEBUG_INFO = INCLUDE_SOURCE;
				MTL_FAST_MATH = YES;
				ONLY_ACTIVE_ARCH = YES;
				SDKROOT = iphoneos;
				SWIFT_ACTIVE_COMPILATION_CONDITIONS = DEBUG;
				SWIFT_OPTIMIZATION_LEVEL = "-Onone";
			};
			name = Debug;
		};
		2EA2BE492A07439200E1241A /* Release */ = {
			isa = XCBuildConfiguration;
			buildSettings = {
				ALWAYS_SEARCH_USER_PATHS = NO;
				CLANG_ANALYZER_NONNULL = YES;
				CLANG_ANALYZER_NUMBER_OBJECT_CONVERSION = YES_AGGRESSIVE;
				CLANG_CXX_LANGUAGE_STANDARD = "gnu++20";
				CLANG_ENABLE_MODULES = YES;
				CLANG_ENABLE_OBJC_ARC = YES;
				CLANG_ENABLE_OBJC_WEAK = YES;
				CLANG_WARN_BLOCK_CAPTURE_AUTORELEASING = YES;
				CLANG_WARN_BOOL_CONVERSION = YES;
				CLANG_WARN_COMMA = YES;
				CLANG_WARN_CONSTANT_CONVERSION = YES;
				CLANG_WARN_DEPRECATED_OBJC_IMPLEMENTATIONS = YES;
				CLANG_WARN_DIRECT_OBJC_ISA_USAGE = YES_ERROR;
				CLANG_WARN_DOCUMENTATION_COMMENTS = YES;
				CLANG_WARN_EMPTY_BODY = YES;
				CLANG_WARN_ENUM_CONVERSION = YES;
				CLANG_WARN_INFINITE_RECURSION = YES;
				CLANG_WARN_INT_CONVERSION = YES;
				CLANG_WARN_NON_LITERAL_NULL_CONVERSION = YES;
				CLANG_WARN_OBJC_IMPLICIT_RETAIN_SELF = YES;
				CLANG_WARN_OBJC_LITERAL_CONVERSION = YES;
				CLANG_WARN_OBJC_ROOT_CLASS = YES_ERROR;
				CLANG_WARN_QUOTED_INCLUDE_IN_FRAMEWORK_HEADER = YES;
				CLANG_WARN_RANGE_LOOP_ANALYSIS = YES;
				CLANG_WARN_STRICT_PROTOTYPES = YES;
				CLANG_WARN_SUSPICIOUS_MOVE = YES;
				CLANG_WARN_UNGUARDED_AVAILABILITY = YES_AGGRESSIVE;
				CLANG_WARN_UNREACHABLE_CODE = YES;
				CLANG_WARN__DUPLICATE_METHOD_MATCH = YES;
				COPY_PHASE_STRIP = NO;
				DEBUG_INFORMATION_FORMAT = "dwarf-with-dsym";
				ENABLE_NS_ASSERTIONS = NO;
				ENABLE_STRICT_OBJC_MSGSEND = YES;
				GCC_C_LANGUAGE_STANDARD = gnu11;
				GCC_NO_COMMON_BLOCKS = YES;
				GCC_WARN_64_TO_32_BIT_CONVERSION = YES;
				GCC_WARN_ABOUT_RETURN_TYPE = YES_ERROR;
				GCC_WARN_UNDECLARED_SELECTOR = YES;
				GCC_WARN_UNINITIALIZED_AUTOS = YES_AGGRESSIVE;
				GCC_WARN_UNUSED_FUNCTION = YES;
				GCC_WARN_UNUSED_VARIABLE = YES;
				IPHONEOS_DEPLOYMENT_TARGET = 16.1;
				MTL_ENABLE_DEBUG_INFO = NO;
				MTL_FAST_MATH = YES;
				SDKROOT = iphoneos;
				SWIFT_COMPILATION_MODE = wholemodule;
				SWIFT_OPTIMIZATION_LEVEL = "-O";
				VALIDATE_PRODUCT = YES;
			};
			name = Release;
		};
		2EA2BE4B2A07439200E1241A /* Debug */ = {
			isa = XCBuildConfiguration;
			buildSettings = {
				ASSETCATALOG_COMPILER_APPICON_NAME = AppIcon;
				ASSETCATALOG_COMPILER_GLOBAL_ACCENT_COLOR_NAME = AccentColor;
				CODE_SIGN_STYLE = Automatic;
				CURRENT_PROJECT_VERSION = 1;
				DEVELOPMENT_ASSET_PATHS = "\"asQ/Preview Content\"";
				DEVELOPMENT_TEAM = TVT46W59WH;
				ENABLE_PREVIEWS = YES;
				GENERATE_INFOPLIST_FILE = YES;
				INFOPLIST_KEY_UIApplicationSceneManifest_Generation = YES;
				INFOPLIST_KEY_UIApplicationSupportsIndirectInputEvents = YES;
				INFOPLIST_KEY_UILaunchScreen_Generation = YES;
				INFOPLIST_KEY_UISupportedInterfaceOrientations_iPad = "UIInterfaceOrientationPortrait UIInterfaceOrientationPortraitUpsideDown UIInterfaceOrientationLandscapeLeft UIInterfaceOrientationLandscapeRight";
				INFOPLIST_KEY_UISupportedInterfaceOrientations_iPhone = "UIInterfaceOrientationPortrait UIInterfaceOrientationLandscapeLeft UIInterfaceOrientationLandscapeRight";
				LD_RUNPATH_SEARCH_PATHS = (
					"$(inherited)",
					"@executable_path/Frameworks",
				);
				MARKETING_VERSION = 1.0;
				PRODUCT_BUNDLE_IDENTIFIER = "Om-Kamble.Quoraa";
				PRODUCT_NAME = "$(TARGET_NAME)";
				SWIFT_EMIT_LOC_STRINGS = YES;
				SWIFT_VERSION = 5.0;
				TARGETED_DEVICE_FAMILY = "1,2";
			};
			name = Debug;
		};
		2EA2BE4C2A07439200E1241A /* Release */ = {
			isa = XCBuildConfiguration;
			buildSettings = {
				ASSETCATALOG_COMPILER_APPICON_NAME = AppIcon;
				ASSETCATALOG_COMPILER_GLOBAL_ACCENT_COLOR_NAME = AccentColor;
				CODE_SIGN_STYLE = Automatic;
				CURRENT_PROJECT_VERSION = 1;
				DEVELOPMENT_ASSET_PATHS = "\"asQ/Preview Content\"";
				DEVELOPMENT_TEAM = TVT46W59WH;
				ENABLE_PREVIEWS = YES;
				GENERATE_INFOPLIST_FILE = YES;
				INFOPLIST_KEY_UIApplicationSceneManifest_Generation = YES;
				INFOPLIST_KEY_UIApplicationSupportsIndirectInputEvents = YES;
				INFOPLIST_KEY_UILaunchScreen_Generation = YES;
				INFOPLIST_KEY_UISupportedInterfaceOrientations_iPad = "UIInterfaceOrientationPortrait UIInterfaceOrientationPortraitUpsideDown UIInterfaceOrientationLandscapeLeft UIInterfaceOrientationLandscapeRight";
				INFOPLIST_KEY_UISupportedInterfaceOrientations_iPhone = "UIInterfaceOrientationPortrait UIInterfaceOrientationLandscapeLeft UIInterfaceOrientationLandscapeRight";
				LD_RUNPATH_SEARCH_PATHS = (
					"$(inherited)",
					"@executable_path/Frameworks",
				);
				MARKETING_VERSION = 1.0;
				PRODUCT_BUNDLE_IDENTIFIER = "Om-Kamble.Quoraa";
				PRODUCT_NAME = "$(TARGET_NAME)";
				SWIFT_EMIT_LOC_STRINGS = YES;
				SWIFT_VERSION = 5.0;
				TARGETED_DEVICE_FAMILY = "1,2";
			};
			name = Release;
		};
/* End XCBuildConfiguration section */

/* Begin XCConfigurationList section */
		2EA2BE372A07439000E1241A /* Build configuration list for PBXProject "asQ" */ = {
			isa = XCConfigurationList;
			buildConfigurations = (
				2EA2BE482A07439200E1241A /* Debug */,
				2EA2BE492A07439200E1241A /* Release */,
			);
			defaultConfigurationIsVisible = 0;
			defaultConfigurationName = Release;
		};
		2EA2BE4A2A07439200E1241A /* Build configuration list for PBXNativeTarget "asQ" */ = {
			isa = XCConfigurationList;
			buildConfigurations = (
				2EA2BE4B2A07439200E1241A /* Debug */,
				2EA2BE4C2A07439200E1241A /* Release */,
			);
			defaultConfigurationIsVisible = 0;
			defaultConfigurationName = Release;
		};
/* End XCConfigurationList section */

/* Begin XCRemoteSwiftPackageReference section */
		2EA2BE8C2A07F45800E1241A /* XCRemoteSwiftPackageReference "firebase-ios-sdk" */ = {
			isa = XCRemoteSwiftPackageReference;
			repositoryURL = "https://github.com/firebase/firebase-ios-sdk";
			requirement = {
				branch = master;
				kind = branch;
			};
		};
/* End XCRemoteSwiftPackageReference section */

/* Begin XCSwiftPackageProductDependency section */
		2EA2BE8D2A07F45800E1241A /* FirebaseAuth */ = {
			isa = XCSwiftPackageProductDependency;
			package = 2EA2BE8C2A07F45800E1241A /* XCRemoteSwiftPackageReference "firebase-ios-sdk" */;
			productName = FirebaseAuth;
		};
		2EA2BE8F2A07F45800E1241A /* FirebaseFirestore */ = {
			isa = XCSwiftPackageProductDependency;
			package = 2EA2BE8C2A07F45800E1241A /* XCRemoteSwiftPackageReference "firebase-ios-sdk" */;
			productName = FirebaseFirestore;
		};
		2EA2BE912A07F45800E1241A /* FirebaseFirestoreSwift */ = {
			isa = XCSwiftPackageProductDependency;
			package = 2EA2BE8C2A07F45800E1241A /* XCRemoteSwiftPackageReference "firebase-ios-sdk" */;
			productName = FirebaseFirestoreSwift;
		};
		2EA2BE932A07F45800E1241A /* FirebaseStorage */ = {
			isa = XCSwiftPackageProductDependency;
			package = 2EA2BE8C2A07F45800E1241A /* XCRemoteSwiftPackageReference "firebase-ios-sdk" */;
			productName = FirebaseStorage;
		};
/* End XCSwiftPackageProductDependency section */
	};
	rootObject = 2EA2BE342A07439000E1241A /* Project object */;
}
